("quicklisp" .
 (:class qlot/source/dist:source-dist
  :initargs (:distribution "https://beta.quicklisp.org/dist/quicklisp.txt" :%version :latest)
  :version "2024-10-12"))
("utopian" .
 (:class qlot/source/git:source-git
  :initargs (:remote-url "https://github.com/fukamachi/utopian")
  :version "git-8c0ec6b1c4d43eb60c58f38f67f51bc637968a35"))
("clack" .
 (:class qlot/source/ql:source-ql
  :initargs (:%version :latest)
  :version "ql-2024-10-12"))
